
Microsoft Visual Studio Solution File, Format Version 12.00
# Visual Studio 14
VisualStudioVersion = 14.0.25420.1
MinimumVisualStudioVersion = 10.0.40219.1
Project("{FAE04EC0-301F-11D3-BF4B-00C04F79EFBC}") = "Parking", "Parking\Parking.csproj", "{0D4DF05C-369B-462F-8A2C-561A31C2A339}"
EndProject
Project("{FAE04EC0-301F-11D3-BF4B-00C04F79EFBC}") = "ParkingUI", "ParkingUI\ParkingUI.csproj", "{075BB174-891B-41BE-BF90-D77A82D27F95}"
EndProject
Project("{FAE04EC0-301F-11D3-BF4B-00C04F79EFBC}") = "Business", "Business\Business.csproj", "{26CAA20B-2D03-472D-A5D5-97CEA2EF16FE}"
EndProject
Project("{FAE04EC0-301F-11D3-BF4B-00C04F79EFBC}") = "DataAccess", "DataAccess\DataAccess.csproj", "{B73F929C-82A6-433C-9863-ED50976A66AB}"
EndProject
Project("{2150E333-8FDC-42A3-9474-1A3956D46DE8}") = "Temp", "Temp", "{FB6B7363-8FD9-4607-86BF-8B2103A9C4CF}"
EndProject
Global
	GlobalSection(SolutionConfigurationPlatforms) = preSolution
		Debug|Any CPU = Debug|Any CPU
		Release|Any CPU = Release|Any CPU
	EndGlobalSection
	GlobalSection(ProjectConfigurationPlatforms) = postSolution
		{0D4DF05C-369B-462F-8A2C-561A31C2A339}.Debug|Any CPU.ActiveCfg = Debug|Any CPU
		{0D4DF05C-369B-462F-8A2C-561A31C2A339}.Debug|Any CPU.Build.0 = Debug|Any CPU
		{0D4DF05C-369B-462F-8A2C-561A31C2A339}.Release|Any CPU.ActiveCfg = Release|Any CPU
		{0D4DF05C-369B-462F-8A2C-561A31C2A339}.Release|Any CPU.Build.0 = Release|Any CPU
		{075BB174-891B-41BE-BF90-D77A82D27F95}.Debug|Any CPU.ActiveCfg = Debug|Any CPU
		{075BB174-891B-41BE-BF90-D77A82D27F95}.Debug|Any CPU.Build.0 = Debug|Any CPU
		{075BB174-891B-41BE-BF90-D77A82D27F95}.Release|Any CPU.ActiveCfg = Release|Any CPU
		{075BB174-891B-41BE-BF90-D77A82D27F95}.Release|Any CPU.Build.0 = Release|Any CPU
		{26CAA20B-2D03-472D-A5D5-97CEA2EF16FE}.Debug|Any CPU.ActiveCfg = Debug|Any CPU
		{26CAA20B-2D03-472D-A5D5-97CEA2EF16FE}.Debug|Any CPU.Build.0 = Debug|Any CPU
		{26CAA20B-2D03-472D-A5D5-97CEA2EF16FE}.Release|Any CPU.ActiveCfg = Release|Any CPU
		{26CAA20B-2D03-472D-A5D5-97CEA2EF16FE}.Release|Any CPU.Build.0 = Release|Any CPU
		{B73F929C-82A6-433C-9863-ED50976A66AB}.Debug|Any CPU.ActiveCfg = Debug|Any CPU
		{B73F929C-82A6-433C-9863-ED50976A66AB}.Debug|Any CPU.Build.0 = Debug|Any CPU
		{B73F929C-82A6-433C-9863-ED50976A66AB}.Release|Any CPU.ActiveCfg = Release|Any CPU
		{B73F929C-82A6-433C-9863-ED50976A66AB}.Release|Any CPU.Build.0 = Release|Any CPU
	EndGlobalSection
	GlobalSection(SolutionProperties) = preSolution
		HideSolutionNode = FALSE
	EndGlobalSection
	GlobalSection(NestedProjects) = preSolution
		{0D4DF05C-369B-462F-8A2C-561A31C2A339} = {FB6B7363-8FD9-4607-86BF-8B2103A9C4CF}
	EndGlobalSection
EndGlobal
